{
  "name": "wlist-types",
  "version": "1.0.6",
  "lockfileVersion": 3,
  "requires": true,
  "packages": {
    "": {
      "name": "wlist-types",
      "version": "1.0.6",
      "license": "ISC",
      "dependencies": {
        "wlist-types": "^1.0.0"
      }
    },
    "node_modules/wlist-types": {
      "version": "1.0.0",
      "resolved": "https://registry.npmjs.org/wlist-types/-/wlist-types-1.0.0.tgz",
      "integrity": "sha512-R13LHzJUzunlI8UoEQA4f4hgqa/ELvFentX91kyf/ONWLU1q+9LxLi5VErAm7xhQyBAhx6HjKbtK/DzvwO7rTg==",
      "license": "ISC"
    }
  }
}
